
Microsoft Visual Studio Solution File, Format Version 12.00
# Visual Studio Version 17
VisualStudioVersion = 17.14.36429.23 d17.14
MinimumVisualStudioVersion = 10.0.40219.1
Project("{FAE04EC0-301F-11D3-BF4B-00C04F79EFBC}") = "calculadora", "calculadora\calculadora.csproj", "{408C035E-6747-44EA-B719-57295FD2C7EB}"
EndProject
Global
	GlobalSection(SolutionConfigurationPlatforms) = preSolution
		Debug|Any CPU = Debug|Any CPU
		Release|Any CPU = Release|Any CPU
	EndGlobalSection
	GlobalSection(ProjectConfigurationPlatforms) = postSolution
		{408C035E-6747-44EA-B719-57295FD2C7EB}.Debug|Any CPU.ActiveCfg = Debug|Any CPU
		{408C035E-6747-44EA-B719-57295FD2C7EB}.Debug|Any CPU.Build.0 = Debug|Any CPU
		{408C035E-6747-44EA-B719-57295FD2C7EB}.Release|Any CPU.ActiveCfg = Release|Any CPU
		{408C035E-6747-44EA-B719-57295FD2C7EB}.Release|Any CPU.Build.0 = Release|Any CPU
	EndGlobalSection
	GlobalSection(SolutionProperties) = preSolution
		HideSolutionNode = FALSE
	EndGlobalSection
	GlobalSection(ExtensibilityGlobals) = postSolution
		SolutionGuid = {05606D70-E5F4-4315-A703-40B57E1BAEF2}
	EndGlobalSection
EndGlobal
